
Microsoft Visual Studio Solution File, Format Version 12.00
# Visual Studio Version 17
VisualStudioVersion = 17.12.35514.174 d17.12
MinimumVisualStudioVersion = 10.0.40219.1
Project("{FAE04EC0-301F-11D3-BF4B-00C04F79EFBC}") = "ValueTypes", "ValueTypes\ValueTypes.csproj", "{34515DEA-2E0F-4AB5-8897-D094E2ED2DF7}"
EndProject
Project("{FAE04EC0-301F-11D3-BF4B-00C04F79EFBC}") = "ReferenceTypes", "ReferenceTypes\ReferenceTypes.csproj", "{DB99F569-5478-4FCF-9569-96DF087FD889}"
EndProject
Project("{FAE04EC0-301F-11D3-BF4B-00C04F79EFBC}") = "ValoresEReferencia", "ValoresEReferencia\ValoresEReferencia.csproj", "{3FA28B5C-A22A-482E-AEB7-F3B83129DC0C}"
EndProject
Global
	GlobalSection(SolutionConfigurationPlatforms) = preSolution
		Debug|Any CPU = Debug|Any CPU
		Release|Any CPU = Release|Any CPU
	EndGlobalSection
	GlobalSection(ProjectConfigurationPlatforms) = postSolution
		{34515DEA-2E0F-4AB5-8897-D094E2ED2DF7}.Debug|Any CPU.ActiveCfg = Debug|Any CPU
		{34515DEA-2E0F-4AB5-8897-D094E2ED2DF7}.Debug|Any CPU.Build.0 = Debug|Any CPU
		{34515DEA-2E0F-4AB5-8897-D094E2ED2DF7}.Release|Any CPU.ActiveCfg = Release|Any CPU
		{34515DEA-2E0F-4AB5-8897-D094E2ED2DF7}.Release|Any CPU.Build.0 = Release|Any CPU
		{DB99F569-5478-4FCF-9569-96DF087FD889}.Debug|Any CPU.ActiveCfg = Debug|Any CPU
		{DB99F569-5478-4FCF-9569-96DF087FD889}.Debug|Any CPU.Build.0 = Debug|Any CPU
		{DB99F569-5478-4FCF-9569-96DF087FD889}.Release|Any CPU.ActiveCfg = Release|Any CPU
		{DB99F569-5478-4FCF-9569-96DF087FD889}.Release|Any CPU.Build.0 = Release|Any CPU
		{3FA28B5C-A22A-482E-AEB7-F3B83129DC0C}.Debug|Any CPU.ActiveCfg = Debug|Any CPU
		{3FA28B5C-A22A-482E-AEB7-F3B83129DC0C}.Debug|Any CPU.Build.0 = Debug|Any CPU
		{3FA28B5C-A22A-482E-AEB7-F3B83129DC0C}.Release|Any CPU.ActiveCfg = Release|Any CPU
		{3FA28B5C-A22A-482E-AEB7-F3B83129DC0C}.Release|Any CPU.Build.0 = Release|Any CPU
	EndGlobalSection
	GlobalSection(SolutionProperties) = preSolution
		HideSolutionNode = FALSE
	EndGlobalSection
EndGlobal
